
Microsoft Visual Studio Solution File, Format Version 12.00
# Visual Studio 15
VisualStudioVersion = 15.0.27703.2018
MinimumVisualStudioVersion = 10.0.40219.1
Project("{9A19103F-16F7-4668-BE54-9A1E7A4F7556}") = "PrismaDB-MSSQL-AggregateUDFs", "PrismaDB-MSSQL-AggregateUDFs\PrismaDB-MSSQL-AggregateUDFs.csproj", "{A1D95572-3019-4FD6-8D00-B64C6C0884A1}"
EndProject
Project("{2150E333-8FDC-42A3-9474-1A3956D46DE8}") = "Solution Items", "Solution Items", "{39C672B1-B335-4812-89D1-4F4C3F90B04D}"
	ProjectSection(SolutionItems) = preProject
		.gitignore = .gitignore
		appveyor.yml = appveyor.yml
		PrismaDB-MSSQL-AggregateUDFs\PrismaDB-MSSQL-AggregateUDFs.nuspec = PrismaDB-MSSQL-AggregateUDFs\PrismaDB-MSSQL-AggregateUDFs.nuspec
	EndProjectSection
EndProject
Project("{FAE04EC0-301F-11D3-BF4B-00C04F79EFBC}") = "UDFTests", "UDFTests\UDFTests.csproj", "{AAB087D1-77F9-40DB-8653-15C413C36311}"
EndProject
Global
	GlobalSection(SolutionConfigurationPlatforms) = preSolution
		Debug|Any CPU = Debug|Any CPU
		Release|Any CPU = Release|Any CPU
	EndGlobalSection
	GlobalSection(ProjectConfigurationPlatforms) = postSolution
		{A1D95572-3019-4FD6-8D00-B64C6C0884A1}.Debug|Any CPU.ActiveCfg = Debug|Any CPU
		{A1D95572-3019-4FD6-8D00-B64C6C0884A1}.Debug|Any CPU.Build.0 = Debug|Any CPU
		{A1D95572-3019-4FD6-8D00-B64C6C0884A1}.Release|Any CPU.ActiveCfg = Release|Any CPU
		{A1D95572-3019-4FD6-8D00-B64C6C0884A1}.Release|Any CPU.Build.0 = Release|Any CPU
		{AAB087D1-77F9-40DB-8653-15C413C36311}.Debug|Any CPU.ActiveCfg = Debug|Any CPU
		{AAB087D1-77F9-40DB-8653-15C413C36311}.Debug|Any CPU.Build.0 = Debug|Any CPU
		{AAB087D1-77F9-40DB-8653-15C413C36311}.Release|Any CPU.ActiveCfg = Release|Any CPU
		{AAB087D1-77F9-40DB-8653-15C413C36311}.Release|Any CPU.Build.0 = Release|Any CPU
	EndGlobalSection
	GlobalSection(SolutionProperties) = preSolution
		HideSolutionNode = FALSE
	EndGlobalSection
	GlobalSection(ExtensibilityGlobals) = postSolution
		SolutionGuid = {025FB497-403C-452E-AD6B-735666D3B27C}
	EndGlobalSection
EndGlobal
